dependencies:
- name: postgres
  repository: file://./charts/postgres
  version: 1.0.0
- name: els-lmsserver
  repository: file://./charts/els-lmsserver
  version: 0.1.0
- name: els-lmsclient
  repository: file://./charts/els-lmsclient
  version: 0.1.0
digest: sha256:3b87843e437b664f6595f9bb2599bd08eba6018cfe058412a85cd37391f280cc
generated: "2025-11-11T09:42:33.847998+05:30"
