dependencies:
- name: postgres
  repository: file://./charts/postgres
  version: 1.0.0
- name: els-lmsserver
  repository: file://./charts/els-lmsserver
  version: 0.1.0
- name: els-lmsclient
  repository: file://./charts/els-lmsclient
  version: 0.1.0
digest: sha256:62f33d6d3ef570b5aac8338ffb508e2fc92c85429e85cf651d37d7e69aaa77c4
generated: "2025-11-11T16:10:41.269561+05:30"
